
Microsoft Visual Studio Solution File, Format Version 12.00
# Visual Studio Version 16
VisualStudioVersion = 16.0.31605.320
MinimumVisualStudioVersion = 10.0.40219.1
Project("{FAE04EC0-301F-11D3-BF4B-00C04F79EFBC}") = "WindowsFormsApp3", "WindowsFormsApp3\WindowsFormsApp3.csproj", "{CA9E504E-312D-4C38-9DC1-D4ABB2455DAE}"
EndProject
Global
	GlobalSection(SolutionConfigurationPlatforms) = preSolution
		Debug|Any CPU = Debug|Any CPU
		Release|Any CPU = Release|Any CPU
	EndGlobalSection
	GlobalSection(ProjectConfigurationPlatforms) = postSolution
		{CA9E504E-312D-4C38-9DC1-D4ABB2455DAE}.Debug|Any CPU.ActiveCfg = Debug|Any CPU
		{CA9E504E-312D-4C38-9DC1-D4ABB2455DAE}.Debug|Any CPU.Build.0 = Debug|Any CPU
		{CA9E504E-312D-4C38-9DC1-D4ABB2455DAE}.Release|Any CPU.ActiveCfg = Release|Any CPU
		{CA9E504E-312D-4C38-9DC1-D4ABB2455DAE}.Release|Any CPU.Build.0 = Release|Any CPU
	EndGlobalSection
	GlobalSection(SolutionProperties) = preSolution
		HideSolutionNode = FALSE
	EndGlobalSection
	GlobalSection(ExtensibilityGlobals) = postSolution
		SolutionGuid = {7AAB50CB-9E7E-474E-BFA0-D1EC2AAD13CE}
	EndGlobalSection
EndGlobal
